// !$*UTF8*$!
{
	archiveVersion = 1;
	classes = {
	};
	objectVersion = 56;
	objects = {

/* Begin PBXBuildFile section */
		B857121E29E7B43A003A498F /* AppDelegate.swift in Sources */ = {isa = PBXBuildFile; fileRef = B857121D29E7B43A003A498F /* AppDelegate.swift */; };
		B857122029E7B43A003A498F /* SceneDelegate.swift in Sources */ = {isa = PBXBuildFile; fileRef = B857121F29E7B43A003A498F /* SceneDelegate.swift */; };
		B857122229E7B43A003A498F /* ViewController.swift in Sources */ = {isa = PBXBuildFile; fileRef = B857122129E7B43A003A498F /* ViewController.swift */; };
		B857122529E7B43A003A498F /* Main.storyboard in Resources */ = {isa = PBXBuildFile; fileRef = B857122329E7B43A003A498F /* Main.storyboard */; };
		B857122729E7B441003A498F /* Assets.xcassets in Resources */ = {isa = PBXBuildFile; fileRef = B857122629E7B441003A498F /* Assets.xcassets */; };
		B857122A29E7B441003A498F /* LaunchScreen.storyboard in Resources */ = {isa = PBXBuildFile; fileRef = B857122829E7B441003A498F /* LaunchScreen.storyboard */; };
		B857123229E7B581003A498F /* FilterViewController.swift in Sources */ = {isa = PBXBuildFile; fileRef = B857123129E7B581003A498F /* FilterViewController.swift */; };
		B857123429E7B5F7003A498F /* APICaller.swift in Sources */ = {isa = PBXBuildFile; fileRef = B857123329E7B5F7003A498F /* APICaller.swift */; };
		B857123729E7D3A9003A498F /* Charts in Frameworks */ = {isa = PBXBuildFile; productRef = B857123629E7D3A9003A498F /* Charts */; };
		B857123A29E7D515003A498F /* Algorithms in Frameworks */ = {isa = PBXBuildFile; productRef = B857123929E7D515003A498F /* Algorithms */; };
		E55068F45A8C64C8C1D7DFB3 /* Pods_COVID_Tracker.framework in Frameworks */ = {isa = PBXBuildFile; fileRef = C8B5937668C2590C792EEB07 /* Pods_COVID_Tracker.framework */; };
/* End PBXBuildFile section */

/* Begin PBXFileReference section */
		0CA87E9D77FDF2954E1E578D /* Pods-COVID Tracker.release.xcconfig */ = {isa = PBXFileReference; includeInIndex = 1; lastKnownFileType = text.xcconfig; name = "Pods-COVID Tracker.release.xcconfig"; path = "Target Support Files/Pods-COVID Tracker/Pods-COVID Tracker.release.xcconfig"; sourceTree = "<group>"; };
		B857121A29E7B43A003A498F /* COVID Tracker.app */ = {isa = PBXFileReference; explicitFileType = wrapper.application; includeInIndex = 0; path = "COVID Tracker.app"; sourceTree = BUILT_PRODUCTS_DIR; };
		B857121D29E7B43A003A498F /* AppDelegate.swift */ = {isa = PBXFileReference; lastKnownFileType = sourcecode.swift; path = AppDelegate.swift; sourceTree = "<group>"; };
		B857121F29E7B43A003A498F /* SceneDelegate.swift */ = {isa = PBXFileReference; lastKnownFileType = sourcecode.swift; path = SceneDelegate.swift; sourceTree = "<group>"; };
		B857122129E7B43A003A498F /* ViewController.swift */ = {isa = PBXFileReference; lastKnownFileType = sourcecode.swift; path = ViewController.swift; sourceTree = "<group>"; };
		B857122429E7B43A003A498F /* Base */ = {isa = PBXFileReference; lastKnownFileType = file.storyboard; name = Base; path = Base.lproj/Main.storyboard; sourceTree = "<group>"; };
		B857122629E7B441003A498F /* Assets.xcassets */ = {isa = PBXFileReference; lastKnownFileType = folder.assetcatalog; path = Assets.xcassets; sourceTree = "<group>"; };
		B857122929E7B441003A498F /* Base */ = {isa = PBXFileReference; lastKnownFileType = file.storyboard; name = Base; path = Base.lproj/LaunchScreen.storyboard; sourceTree = "<group>"; };
		B857122B29E7B441003A498F /* Info.plist */ = {isa = PBXFileReference; lastKnownFileType = text.plist.xml; path = Info.plist; sourceTree = "<group>"; };
		B857123129E7B581003A498F /* FilterViewController.swift */ = {isa = PBXFileReference; lastKnownFileType = sourcecode.swift; path = FilterViewController.swift; sourceTree = "<group>"; };
		B857123329E7B5F7003A498F /* APICaller.swift */ = {isa = PBXFileReference; lastKnownFileType = sourcecode.swift; path = APICaller.swift; sourceTree = "<group>"; };
		C8B5937668C2590C792EEB07 /* Pods_COVID_Tracker.framework */ = {isa = PBXFileReference; explicitFileType = wrapper.framework; includeInIndex = 0; path = Pods_COVID_Tracker.framework; sourceTree = BUILT_PRODUCTS_DIR; };
		EFA69A73048DA78BD589C4C5 /* Pods-COVID Tracker.debug.xcconfig */ = {isa = PBXFileReference; includeInIndex = 1; lastKnownFileType = text.xcconfig; name = "Pods-COVID Tracker.debug.xcconfig"; path = "Target Support Files/Pods-COVID Tracker/Pods-COVID Tracker.debug.xcconfig"; sourceTree = "<group>"; };
/* End PBXFileReference section */

/* Begin PBXFrameworksBuildPhase section */
		B857121729E7B43A003A498F /* Frameworks */ = {
			isa = PBXFrameworksBuildPhase;
			buildActionMask = 2147483647;
			files = (
				B857123A29E7D515003A498F /* Algorithms in Frameworks */,
				B857123729E7D3A9003A498F /* Charts in Frameworks */,
				E55068F45A8C64C8C1D7DFB3 /* Pods_COVID_Tracker.framework in Frameworks */,
			);
			runOnlyForDeploymentPostprocessing = 0;
		};
/* End PBXFrameworksBuildPhase section */

/* Begin PBXGroup section */
		4F5086B275A0E7D06D5B9BB5 /* Pods */ = {
			isa = PBXGroup;
			children = (
				EFA69A73048DA78BD589C4C5 /* Pods-COVID Tracker.debug.xcconfig */,
				0CA87E9D77FDF2954E1E578D /* Pods-COVID Tracker.release.xcconfig */,
			);
			name = Pods;
			path = Pods;
			sourceTree = "<group>";
		};
		9EA7BF184D08BF0F2222DA4A /* Frameworks */ = {
			isa = PBXGroup;
			children = (
				C8B5937668C2590C792EEB07 /* Pods_COVID_Tracker.framework */,
			);
			name = Frameworks;
			sourceTree = "<group>";
		};
		B857121129E7B43A003A498F = {
			isa = PBXGroup;
			children = (
				B857121C29E7B43A003A498F /* COVID Tracker */,
				B857121B29E7B43A003A498F /* Products */,
				4F5086B275A0E7D06D5B9BB5 /* Pods */,
				9EA7BF184D08BF0F2222DA4A /* Frameworks */,
			);
			sourceTree = "<group>";
		};
		B857121B29E7B43A003A498F /* Products */ = {
			isa = PBXGroup;
			children = (
				B857121A29E7B43A003A498F /* COVID Tracker.app */,
			);
			name = Products;
			sourceTree = "<group>";
		};
		B857121C29E7B43A003A498F /* COVID Tracker */ = {
			isa = PBXGroup;
			children = (
				B857121D29E7B43A003A498F /* AppDelegate.swift */,
				B857121F29E7B43A003A498F /* SceneDelegate.swift */,
				B857123129E7B581003A498F /* FilterViewController.swift */,
				B857122129E7B43A003A498F /* ViewController.swift */,
				B857122329E7B43A003A498F /* Main.storyboard */,
				B857122629E7B441003A498F /* Assets.xcassets */,
				B857122829E7B441003A498F /* LaunchScreen.storyboard */,
				B857122B29E7B441003A498F /* Info.plist */,
				B857123329E7B5F7003A498F /* APICaller.swift */,
			);
			path = "COVID Tracker";
			sourceTree = "<group>";
		};
/* End PBXGroup section */

/* Begin PBXNativeTarget section */
		B857121929E7B43A003A498F /* COVID Tracker */ = {
			isa = PBXNativeTarget;
			buildConfigurationList = B857122E29E7B441003A498F /* Build configuration list for PBXNativeTarget "COVID Tracker" */;
			buildPhases = (
				DAF2650271D975C661654B64 /* [CP] Check Pods Manifest.lock */,
				B857121629E7B43A003A498F /* Sources */,
				B857121729E7B43A003A498F /* Frameworks */,
				B857121829E7B43A003A498F /* Resources */,
				AA8858283DFF332C80D5BC35 /* [CP] Embed Pods Frameworks */,
			);
			buildRules = (
			);
			dependencies = (
			);
			name = "COVID Tracker";
			packageProductDependencies = (
				B857123629E7D3A9003A498F /* Charts */,
				B857123929E7D515003A498F /* Algorithms */,
			);
			productName = "COVID Tracker";
			productReference = B857121A29E7B43A003A498F /* COVID Tracker.app */;
			productType = "com.apple.product-type.application";
		};
/* End PBXNativeTarget section */

/* Begin PBXProject section */
		B857121229E7B43A003A498F /* Project object */ = {
			isa = PBXProject;
			attributes = {
				BuildIndependentTargetsInParallel = 1;
				LastSwiftUpdateCheck = 1420;
				LastUpgradeCheck = 1420;
				TargetAttributes = {
					B857121929E7B43A003A498F = {
						CreatedOnToolsVersion = 14.2;
					};
				};
			};
			buildConfigurationList = B857121529E7B43A003A498F /* Build configuration list for PBXProject "COVID Tracker" */;
			compatibilityVersion = "Xcode 14.0";
			developmentRegion = en;
			hasScannedForEncodings = 0;
			knownRegions = (
				en,
				Base,
			);
			mainGroup = B857121129E7B43A003A498F;
			packageReferences = (
				B857123529E7D3A9003A498F /* XCRemoteSwiftPackageReference "Charts" */,
				B857123829E7D515003A498F /* XCRemoteSwiftPackageReference "swift-algorithms.git" */,
			);
			productRefGroup = B857121B29E7B43A003A498F /* Products */;
			projectDirPath = "";
			projectRoot = "";
			targets = (
				B857121929E7B43A003A498F /* COVID Tracker */,
			);
		};
/* End PBXProject section */

/* Begin PBXResourcesBuildPhase section */
		B857121829E7B43A003A498F /* Resources */ = {
			isa = PBXResourcesBuildPhase;
			buildActionMask = 2147483647;
			files = (
				B857122A29E7B441003A498F /* LaunchScreen.storyboard in Resources */,
				B857122729E7B441003A498F /* Assets.xcassets in Resources */,
				B857122529E7B43A003A498F /* Main.storyboard in Resources */,
			);
			runOnlyForDeploymentPostprocessing = 0;
		};
/* End PBXResourcesBuildPhase section */

/* Begin PBXShellScriptBuildPhase section */
		AA8858283DFF332C80D5BC35 /* [CP] Embed Pods Frameworks */ = {
			isa = PBXShellScriptBuildPhase;
			buildActionMask = 2147483647;
			files = (
			);
			inputFileListPaths = (
				"${PODS_ROOT}/Target Support Files/Pods-COVID Tracker/Pods-COVID Tracker-frameworks-${CONFIGURATION}-input-files.xcfilelist",
			);
			name = "[CP] Embed Pods Frameworks";
			outputFileListPaths = (
				"${PODS_ROOT}/Target Support Files/Pods-COVID Tracker/Pods-COVID Tracker-frameworks-${CONFIGURATION}-output-files.xcfilelist",
			);
			runOnlyForDeploymentPostprocessing = 0;
			shellPath = /bin/sh;
			shellScript = "\"${PODS_ROOT}/Target Support Files/Pods-COVID Tracker/Pods-COVID Tracker-frameworks.sh\"\n";
			showEnvVarsInLog = 0;
		};
		DAF2650271D975C661654B64 /* [CP] Check Pods Manifest.lock */ = {
			isa = PBXShellScriptBuildPhase;
			buildActionMask = 2147483647;
			files = (
			);
			inputFileListPaths = (
			);
			inputPaths = (
				"${PODS_PODFILE_DIR_PATH}/Podfile.lock",
				"${PODS_ROOT}/Manifest.lock",
			);
			name = "[CP] Check Pods Manifest.lock";
			outputFileListPaths = (
			);
			outputPaths = (
				"$(DERIVED_FILE_DIR)/Pods-COVID Tracker-checkManifestLockResult.txt",
			);
			runOnlyForDeploymentPostprocessing = 0;
			shellPath = /bin/sh;
			shellScript = "diff \"${PODS_PODFILE_DIR_PATH}/Podfile.lock\" \"${PODS_ROOT}/Manifest.lock\" > /dev/null\nif [ $? != 0 ] ; then\n    # print error to STDERR\n    echo \"error: The sandbox is not in sync with the Podfile.lock. Run 'pod install' or update your CocoaPods installation.\" >&2\n    exit 1\nfi\n# This output is used by Xcode 'outputs' to avoid re-running this script phase.\necho \"SUCCESS\" > \"${SCRIPT_OUTPUT_FILE_0}\"\n";
			showEnvVarsInLog = 0;
		};
/* End PBXShellScriptBuildPhase section */

/* Begin PBXSourcesBuildPhase section */
		B857121629E7B43A003A498F /* Sources */ = {
			isa = PBXSourcesBuildPhase;
			buildActionMask = 2147483647;
			files = (
				B857122229E7B43A003A498F /* ViewController.swift in Sources */,
				B857121E29E7B43A003A498F /* AppDelegate.swift in Sources */,
				B857123229E7B581003A498F /* FilterViewController.swift in Sources */,
				B857123429E7B5F7003A498F /* APICaller.swift in Sources */,
				B857122029E7B43A003A498F /* SceneDelegate.swift in Sources */,
			);
			runOnlyForDeploymentPostprocessing = 0;
		};
/* End PBXSourcesBuildPhase section */

/* Begin PBXVariantGroup section */
		B857122329E7B43A003A498F /* Main.storyboard */ = {
			isa = PBXVariantGroup;
			children = (
				B857122429E7B43A003A498F /* Base */,
			);
			name = Main.storyboard;
			sourceTree = "<group>";
		};
		B857122829E7B441003A498F /* LaunchScreen.storyboard */ = {
			isa = PBXVariantGroup;
			children = (
				B857122929E7B441003A498F /* Base */,
			);
			name = LaunchScreen.storyboard;
			sourceTree = "<group>";
		};
/* End PBXVariantGroup section */

/* Begin XCBuildConfiguration section */
		B857122C29E7B441003A498F /* Debug */ = {
			isa = XCBuildConfiguration;
			buildSettings = {
				ALWAYS_SEARCH_USER_PATHS = NO;
				CLANG_ANALYZER_NONNULL = YES;
				CLANG_ANALYZER_NUMBER_OBJECT_CONVERSION = YES_AGGRESSIVE;
				CLANG_CXX_LANGUAGE_STANDARD = "gnu++20";
				CLANG_ENABLE_MODULES = YES;
				CLANG_ENABLE_OBJC_ARC = YES;
				CLANG_ENABLE_OBJC_WEAK = YES;
				CLANG_WARN_BLOCK_CAPTURE_AUTORELEASING = YES;
				CLANG_WARN_BOOL_CONVERSION = YES;
				CLANG_WARN_COMMA = YES;
				CLANG_WARN_CONSTANT_CONVERSION = YES;
				CLANG_WARN_DEPRECATED_OBJC_IMPLEMENTATIONS = YES;
				CLANG_WARN_DIRECT_OBJC_ISA_USAGE = YES_ERROR;
				CLANG_WARN_DOCUMENTATION_COMMENTS = YES;
				CLANG_WARN_EMPTY_BODY = YES;
				CLANG_WARN_ENUM_CONVERSION = YES;
				CLANG_WARN_INFINITE_RECURSION = YES;
				CLANG_WARN_INT_CONVERSION = YES;
				CLANG_WARN_NON_LITERAL_NULL_CONVERSION = YES;
				CLANG_WARN_OBJC_IMPLICIT_RETAIN_SELF = YES;
				CLANG_WARN_OBJC_LITERAL_CONVERSION = YES;
				CLANG_WARN_OBJC_ROOT_CLASS = YES_ERROR;
				CLANG_WARN_QUOTED_INCLUDE_IN_FRAMEWORK_HEADER = YES;
				CLANG_WARN_RANGE_LOOP_ANALYSIS = YES;
				CLANG_WARN_STRICT_PROTOTYPES = YES;
				CLANG_WARN_SUSPICIOUS_MOVE = YES;
				CLANG_WARN_UNGUARDED_AVAILABILITY = YES_AGGRESSIVE;
				CLANG_WARN_UNREACHABLE_CODE = YES;
				CLANG_WARN__DUPLICATE_METHOD_MATCH = YES;
				COPY_PHASE_STRIP = NO;
				DEBUG_INFORMATION_FORMAT = dwarf;
				ENABLE_STRICT_OBJC_MSGSEND = YES;
				ENABLE_TESTABILITY = YES;
				GCC_C_LANGUAGE_STANDARD = gnu11;
				GCC_DYNAMIC_NO_PIC = NO;
				GCC_NO_COMMON_BLOCKS = YES;
				GCC_OPTIMIZATION_LEVEL = 0;
				GCC_PREPROCESSOR_DEFINITIONS = (
					"DEBUG=1",
					"$(inherited)",
				);
				GCC_WARN_64_TO_32_BIT_CONVERSION = YES;
				GCC_WARN_ABOUT_RETURN_TYPE = YES_ERROR;
				GCC_WARN_UNDECLARED_SELECTOR = YES;
				GCC_WARN_UNINITIALIZED_AUTOS = YES_AGGRESSIVE;
				GCC_WARN_UNUSED_FUNCTION = YES;
				GCC_WARN_UNUSED_VARIABLE = YES;
				IPHONEOS_DEPLOYMENT_TARGET = 16.2;
				MTL_ENABLE_DEBUG_INFO = INCLUDE_SOURCE;
				MTL_FAST_MATH = YES;
				ONLY_ACTIVE_ARCH = YES;
				SDKROOT = iphoneos;
				SWIFT_ACTIVE_COMPILATION_CONDITIONS = DEBUG;
				SWIFT_OPTIMIZATION_LEVEL = "-Onone";
			};
			name = Debug;
		};
		B857122D29E7B441003A498F /* Release */ = {
			isa = XCBuildConfiguration;
			buildSettings = {
				ALWAYS_SEARCH_USER_PATHS = NO;
				CLANG_ANALYZER_NONNULL = YES;
				CLANG_ANALYZER_NUMBER_OBJECT_CONVERSION = YES_AGGRESSIVE;
				CLANG_CXX_LANGUAGE_STANDARD = "gnu++20";
				CLANG_ENABLE_MODULES = YES;
				CLANG_ENABLE_OBJC_ARC = YES;
				CLANG_ENABLE_OBJC_WEAK = YES;
				CLANG_WARN_BLOCK_CAPTURE_AUTORELEASING = YES;
				CLANG_WARN_BOOL_CONVERSION = YES;
				CLANG_WARN_COMMA = YES;
				CLANG_WARN_CONSTANT_CONVERSION = YES;
				CLANG_WARN_DEPRECATED_OBJC_IMPLEMENTATIONS = YES;
				CLANG_WARN_DIRECT_OBJC_ISA_USAGE = YES_ERROR;
				CLANG_WARN_DOCUMENTATION_COMMENTS = YES;
				CLANG_WARN_EMPTY_BODY = YES;
				CLANG_WARN_ENUM_CONVERSION = YES;
				CLANG_WARN_INFINITE_RECURSION = YES;
				CLANG_WARN_INT_CONVERSION = YES;
				CLANG_WARN_NON_LITERAL_NULL_CONVERSION = YES;
				CLANG_WARN_OBJC_IMPLICIT_RETAIN_SELF = YES;
				CLANG_WARN_OBJC_LITERAL_CONVERSION = YES;
				CLANG_WARN_OBJC_ROOT_CLASS = YES_ERROR;
				CLANG_WARN_QUOTED_INCLUDE_IN_FRAMEWORK_HEADER = YES;
				CLANG_WARN_RANGE_LOOP_ANALYSIS = YES;
				CLANG_WARN_STRICT_PROTOTYPES = YES;
				CLANG_WARN_SUSPICIOUS_MOVE = YES;
				CLANG_WARN_UNGUARDED_AVAILABILITY = YES_AGGRESSIVE;
				CLANG_WARN_UNREACHABLE_CODE = YES;
				CLANG_WARN__DUPLICATE_METHOD_MATCH = YES;
				COPY_PHASE_STRIP = NO;
				DEBUG_INFORMATION_FORMAT = "dwarf-with-dsym";
				ENABLE_NS_ASSERTIONS = NO;
				ENABLE_STRICT_OBJC_MSGSEND = YES;
				GCC_C_LANGUAGE_STANDARD = gnu11;
				GCC_NO_COMMON_BLOCKS = YES;
				GCC_WARN_64_TO_32_BIT_CONVERSION = YES;
				GCC_WARN_ABOUT_RETURN_TYPE = YES_ERROR;
				GCC_WARN_UNDECLARED_SELECTOR = YES;
				GCC_WARN_UNINITIALIZED_AUTOS = YES_AGGRESSIVE;
				GCC_WARN_UNUSED_FUNCTION = YES;
				GCC_WARN_UNUSED_VARIABLE = YES;
				IPHONEOS_DEPLOYMENT_TARGET = 16.2;
				MTL_ENABLE_DEBUG_INFO = NO;
				MTL_FAST_MATH = YES;
				SDKROOT = iphoneos;
				SWIFT_COMPILATION_MODE = wholemodule;
				SWIFT_OPTIMIZATION_LEVEL = "-O";
				VALIDATE_PRODUCT = YES;
			};
			name = Release;
		};
		B857122F29E7B441003A498F /* Debug */ = {
			isa = XCBuildConfiguration;
			baseConfigurationReference = EFA69A73048DA78BD589C4C5 /* Pods-COVID Tracker.debug.xcconfig */;
			buildSettings = {
				ASSETCATALOG_COMPILER_APPICON_NAME = AppIcon;
				ASSETCATALOG_COMPILER_GLOBAL_ACCENT_COLOR_NAME = AccentColor;
				CODE_SIGN_STYLE = Automatic;
				CURRENT_PROJECT_VERSION = 1;
				GENERATE_INFOPLIST_FILE = YES;
				INFOPLIST_FILE = "COVID Tracker/Info.plist";
				INFOPLIST_KEY_UIApplicationSupportsIndirectInputEvents = YES;
				INFOPLIST_KEY_UILaunchStoryboardName = LaunchScreen;
				INFOPLIST_KEY_UIMainStoryboardFile = Main;
				INFOPLIST_KEY_UISupportedInterfaceOrientations_iPad = "UIInterfaceOrientationPortrait UIInterfaceOrientationPortraitUpsideDown UIInterfaceOrientationLandscapeLeft UIInterfaceOrientationLandscapeRight";
				INFOPLIST_KEY_UISupportedInterfaceOrientations_iPhone = "UIInterfaceOrientationPortrait UIInterfaceOrientationLandscapeLeft UIInterfaceOrientationLandscapeRight";
				LD_RUNPATH_SEARCH_PATHS = (
					"$(inherited)",
					"@executable_path/Frameworks",
				);
				MARKETING_VERSION = 1.0;
				PRODUCT_BUNDLE_IDENTIFIER = "com.nazar.COVID-Tracker";
				PRODUCT_NAME = "$(TARGET_NAME)";
				SWIFT_EMIT_LOC_STRINGS = YES;
				SWIFT_VERSION = 5.0;
				TARGETED_DEVICE_FAMILY = "1,2";
			};
			name = Debug;
		};
		B857123029E7B441003A498F /* Release */ = {
			isa = XCBuildConfiguration;
			baseConfigurationReference = 0CA87E9D77FDF2954E1E578D /* Pods-COVID Tracker.release.xcconfig */;
			buildSettings = {
				ASSETCATALOG_COMPILER_APPICON_NAME = AppIcon;
				ASSETCATALOG_COMPILER_GLOBAL_ACCENT_COLOR_NAME = AccentColor;
				CODE_SIGN_STYLE = Automatic;
				CURRENT_PROJECT_VERSION = 1;
				GENERATE_INFOPLIST_FILE = YES;
				INFOPLIST_FILE = "COVID Tracker/Info.plist";
				INFOPLIST_KEY_UIApplicationSupportsIndirectInputEvents = YES;
				INFOPLIST_KEY_UILaunchStoryboardName = LaunchScreen;
				INFOPLIST_KEY_UIMainStoryboardFile = Main;
				INFOPLIST_KEY_UISupportedInterfaceOrientations_iPad = "UIInterfaceOrientationPortrait UIInterfaceOrientationPortraitUpsideDown UIInterfaceOrientationLandscapeLeft UIInterfaceOrientationLandscapeRight";
				INFOPLIST_KEY_UISupportedInterfaceOrientations_iPhone = "UIInterfaceOrientationPortrait UIInterfaceOrientationLandscapeLeft UIInterfaceOrientationLandscapeRight";
				LD_RUNPATH_SEARCH_PATHS = (
					"$(inherited)",
					"@executable_path/Frameworks",
				);
				MARKETING_VERSION = 1.0;
				PRODUCT_BUNDLE_IDENTIFIER = "com.nazar.COVID-Tracker";
				PRODUCT_NAME = "$(TARGET_NAME)";
				SWIFT_EMIT_LOC_STRINGS = YES;
				SWIFT_VERSION = 5.0;
				TARGETED_DEVICE_FAMILY = "1,2";
			};
			name = Release;
		};
/* End XCBuildConfiguration section */

/* Begin XCConfigurationList section */
		B857121529E7B43A003A498F /* Build configuration list for PBXProject "COVID Tracker" */ = {
			isa = XCConfigurationList;
			buildConfigurations = (
				B857122C29E7B441003A498F /* Debug */,
				B857122D29E7B441003A498F /* Release */,
			);
			defaultConfigurationIsVisible = 0;
			defaultConfigurationName = Release;
		};
		B857122E29E7B441003A498F /* Build configuration list for PBXNativeTarget "COVID Tracker" */ = {
			isa = XCConfigurationList;
			buildConfigurations = (
				B857122F29E7B441003A498F /* Debug */,
				B857123029E7B441003A498F /* Release */,
			);
			defaultConfigurationIsVisible = 0;
			defaultConfigurationName = Release;
		};
/* End XCConfigurationList section */

/* Begin XCRemoteSwiftPackageReference section */
		B857123529E7D3A9003A498F /* XCRemoteSwiftPackageReference "Charts" */ = {
			isa = XCRemoteSwiftPackageReference;
			repositoryURL = "https://github.com/danielgindi/Charts";
			requirement = {
				kind = upToNextMajorVersion;
				minimumVersion = 3.0.0;
			};
		};
		B857123829E7D515003A498F /* XCRemoteSwiftPackageReference "swift-algorithms.git" */ = {
			isa = XCRemoteSwiftPackageReference;
			repositoryURL = "https://github.com/apple/swift-algorithms.git";
			requirement = {
				kind = upToNextMajorVersion;
				minimumVersion = 1.0.0;
			};
		};
/* End XCRemoteSwiftPackageReference section */

/* Begin XCSwiftPackageProductDependency section */
		B857123629E7D3A9003A498F /* Charts */ = {
			isa = XCSwiftPackageProductDependency;
			package = B857123529E7D3A9003A498F /* XCRemoteSwiftPackageReference "Charts" */;
			productName = Charts;
		};
		B857123929E7D515003A498F /* Algorithms */ = {
			isa = XCSwiftPackageProductDependency;
			package = B857123829E7D515003A498F /* XCRemoteSwiftPackageReference "swift-algorithms.git" */;
			productName = Algorithms;
		};
/* End XCSwiftPackageProductDependency section */
	};
	rootObject = B857121229E7B43A003A498F /* Project object */;
}
